
Microsoft Visual Studio Solution File, Format Version 12.00
# Visual Studio 2013
VisualStudioVersion = 12.0.40629.0
MinimumVisualStudioVersion = 10.0.40219.1
Project("{8BC9CEB8-8B4A-11D0-8D11-00A0C91BC942}") = "20180416Test2_the_application_of_stack", "20180416Test2_the_application_of_stack\20180416Test2_the_application_of_stack.vcxproj", "{4D500573-5790-41E2-896E-C2EA4B3B87FE}"
EndProject
Global
	GlobalSection(SolutionConfigurationPlatforms) = preSolution
		Debug|Win32 = Debug|Win32
		Release|Win32 = Release|Win32
	EndGlobalSection
	GlobalSection(ProjectConfigurationPlatforms) = postSolution
		{4D500573-5790-41E2-896E-C2EA4B3B87FE}.Debug|Win32.ActiveCfg = Debug|Win32
		{4D500573-5790-41E2-896E-C2EA4B3B87FE}.Debug|Win32.Build.0 = Debug|Win32
		{4D500573-5790-41E2-896E-C2EA4B3B87FE}.Release|Win32.ActiveCfg = Release|Win32
		{4D500573-5790-41E2-896E-C2EA4B3B87FE}.Release|Win32.Build.0 = Release|Win32
	EndGlobalSection
	GlobalSection(SolutionProperties) = preSolution
		HideSolutionNode = FALSE
	EndGlobalSection
EndGlobal
